// !$*UTF8*$!
{
	archiveVersion = 1;
	classes = {
	};
	objectVersion = 46;
	objects = {

/* Begin PBXBuildFile section */
		AFD5453E1E1CD86C00978E8A /* AppDelegate.swift in Sources */ = {isa = PBXBuildFile; fileRef = AFD5453D1E1CD86C00978E8A /* AppDelegate.swift */; };
		AFD545401E1CD86C00978E8A /* ViewController.swift in Sources */ = {isa = PBXBuildFile; fileRef = AFD5453F1E1CD86C00978E8A /* ViewController.swift */; };
		AFD545431E1CD86C00978E8A /* Main.storyboard in Resources */ = {isa = PBXBuildFile; fileRef = AFD545411E1CD86C00978E8A /* Main.storyboard */; };
		AFD545461E1CD86C00978E8A /* LocationTracking.xcdatamodeld in Sources */ = {isa = PBXBuildFile; fileRef = AFD545441E1CD86C00978E8A /* LocationTracking.xcdatamodeld */; };
		AFD545481E1CD86C00978E8A /* Assets.xcassets in Resources */ = {isa = PBXBuildFile; fileRef = AFD545471E1CD86C00978E8A /* Assets.xcassets */; };
		AFD5454B1E1CD86C00978E8A /* LaunchScreen.storyboard in Resources */ = {isa = PBXBuildFile; fileRef = AFD545491E1CD86C00978E8A /* LaunchScreen.storyboard */; };
/* End PBXBuildFile section */

/* Begin PBXFileReference section */
		AFD5453A1E1CD86C00978E8A /* LocationTracking.app */ = {isa = PBXFileReference; explicitFileType = wrapper.application; includeInIndex = 0; path = LocationTracking.app; sourceTree = BUILT_PRODUCTS_DIR; };
		AFD5453D1E1CD86C00978E8A /* AppDelegate.swift */ = {isa = PBXFileReference; lastKnownFileType = sourcecode.swift; path = AppDelegate.swift; sourceTree = "<group>"; };
		AFD5453F1E1CD86C00978E8A /* ViewController.swift */ = {isa = PBXFileReference; lastKnownFileType = sourcecode.swift; path = ViewController.swift; sourceTree = "<group>"; };
		AFD545421E1CD86C00978E8A /* Base */ = {isa = PBXFileReference; lastKnownFileType = file.storyboard; name = Base; path = Base.lproj/Main.storyboard; sourceTree = "<group>"; };
		AFD545451E1CD86C00978E8A /* LocationTracking.xcdatamodel */ = {isa = PBXFileReference; lastKnownFileType = wrapper.xcdatamodel; path = LocationTracking.xcdatamodel; sourceTree = "<group>"; };
		AFD545471E1CD86C00978E8A /* Assets.xcassets */ = {isa = PBXFileReference; lastKnownFileType = folder.assetcatalog; path = Assets.xcassets; sourceTree = "<group>"; };
		AFD5454A1E1CD86C00978E8A /* Base */ = {isa = PBXFileReference; lastKnownFileType = file.storyboard; name = Base; path = Base.lproj/LaunchScreen.storyboard; sourceTree = "<group>"; };
		AFD5454C1E1CD86C00978E8A /* Info.plist */ = {isa = PBXFileReference; lastKnownFileType = text.plist.xml; path = Info.plist; sourceTree = "<group>"; };
/* End PBXFileReference section */

/* Begin PBXFrameworksBuildPhase section */
		AFD545371E1CD86C00978E8A /* Frameworks */ = {
			isa = PBXFrameworksBuildPhase;
			buildActionMask = 2147483647;
			files = (
			);
			runOnlyForDeploymentPostprocessing = 0;
		};
/* End PBXFrameworksBuildPhase section */

/* Begin PBXGroup section */
		AFD545311E1CD86C00978E8A = {
			isa = PBXGroup;
			children = (
				AFD5453C1E1CD86C00978E8A /* LocationTracking */,
				AFD5453B1E1CD86C00978E8A /* Products */,
			);
			sourceTree = "<group>";
		};
		AFD5453B1E1CD86C00978E8A /* Products */ = {
			isa = PBXGroup;
			children = (
				AFD5453A1E1CD86C00978E8A /* LocationTracking.app */,
			);
			name = Products;
			sourceTree = "<group>";
		};
		AFD5453C1E1CD86C00978E8A /* LocationTracking */ = {
			isa = PBXGroup;
			children = (
				AFD5453D1E1CD86C00978E8A /* AppDelegate.swift */,
				AFD5453F1E1CD86C00978E8A /* ViewController.swift */,
				AFD545411E1CD86C00978E8A /* Main.storyboard */,
				AFD545471E1CD86C00978E8A /* Assets.xcassets */,
				AFD545491E1CD86C00978E8A /* LaunchScreen.storyboard */,
				AFD5454C1E1CD86C00978E8A /* Info.plist */,
				AFD545441E1CD86C00978E8A /* LocationTracking.xcdatamodeld */,
			);
			path = LocationTracking;
			sourceTree = "<group>";
		};
/* End PBXGroup section */

/* Begin PBXNativeTarget section */
		AFD545391E1CD86C00978E8A /* LocationTracking */ = {
			isa = PBXNativeTarget;
			buildConfigurationList = AFD5454F1E1CD86C00978E8A /* Build configuration list for PBXNativeTarget "LocationTracking" */;
			buildPhases = (
				AFD545361E1CD86C00978E8A /* Sources */,
				AFD545371E1CD86C00978E8A /* Frameworks */,
				AFD545381E1CD86C00978E8A /* Resources */,
			);
			buildRules = (
			);
			dependencies = (
			);
			name = LocationTracking;
			productName = LocationTracking;
			productReference = AFD5453A1E1CD86C00978E8A /* LocationTracking.app */;
			productType = "com.apple.product-type.application";
		};
/* End PBXNativeTarget section */

/* Begin PBXProject section */
		AFD545321E1CD86C00978E8A /* Project object */ = {
			isa = PBXProject;
			attributes = {
				LastSwiftUpdateCheck = 0820;
				LastUpgradeCheck = 0820;
				ORGANIZATIONNAME = "Wayne Yeh";
				TargetAttributes = {
					AFD545391E1CD86C00978E8A = {
						CreatedOnToolsVersion = 8.2.1;
						DevelopmentTeam = ZRU74Q6CGE;
						ProvisioningStyle = Automatic;
					};
				};
			};
			buildConfigurationList = AFD545351E1CD86C00978E8A /* Build configuration list for PBXProject "LocationTracking" */;
			compatibilityVersion = "Xcode 3.2";
			developmentRegion = English;
			hasScannedForEncodings = 0;
			knownRegions = (
				en,
				Base,
			);
			mainGroup = AFD545311E1CD86C00978E8A;
			productRefGroup = AFD5453B1E1CD86C00978E8A /* Products */;
			projectDirPath = "";
			projectRoot = "";
			targets = (
				AFD545391E1CD86C00978E8A /* LocationTracking */,
			);
		};
/* End PBXProject section */

/* Begin PBXResourcesBuildPhase section */
		AFD545381E1CD86C00978E8A /* Resources */ = {
			isa = PBXResourcesBuildPhase;
			buildActionMask = 2147483647;
			files = (
				AFD5454B1E1CD86C00978E8A /* LaunchScreen.storyboard in Resources */,
				AFD545481E1CD86C00978E8A /* Assets.xcassets in Resources */,
				AFD545431E1CD86C00978E8A /* Main.storyboard in Resources */,
			);
			runOnlyForDeploymentPostprocessing = 0;
		};
/* End PBXResourcesBuildPhase section */

/* Begin PBXSourcesBuildPhase section */
		AFD545361E1CD86C00978E8A /* Sources */ = {
			isa = PBXSourcesBuildPhase;
			buildActionMask = 2147483647;
			files = (
				AFD545461E1CD86C00978E8A /* LocationTracking.xcdatamodeld in Sources */,
				AFD545401E1CD86C00978E8A /* ViewController.swift in Sources */,
				AFD5453E1E1CD86C00978E8A /* AppDelegate.swift in Sources */,
			);
			runOnlyForDeploymentPostprocessing = 0;
		};
/* End PBXSourcesBuildPhase section */

/* Begin PBXVariantGroup section */
		AFD545411E1CD86C00978E8A /* Main.storyboard */ = {
			isa = PBXVariantGroup;
			children = (
				AFD545421E1CD86C00978E8A /* Base */,
			);
			name = Main.storyboard;
			sourceTree = "<group>";
		};
		AFD545491E1CD86C00978E8A /* LaunchScreen.storyboard */ = {
			isa = PBXVariantGroup;
			children = (
				AFD5454A1E1CD86C00978E8A /* Base */,
			);
			name = LaunchScreen.storyboard;
			sourceTree = "<group>";
		};
/* End PBXVariantGroup section */

/* Begin XCBuildConfiguration section */
		AFD5454D1E1CD86C00978E8A /* Debug */ = {
			isa = XCBuildConfiguration;
			buildSettings = {
				ALWAYS_SEARCH_USER_PATHS = NO;
				CLANG_ANALYZER_NONNULL = YES;
				CLANG_CXX_LANGUAGE_STANDARD = "gnu++0x";
				CLANG_CXX_LIBRARY = "libc++";
				CLANG_ENABLE_MODULES = YES;
				CLANG_ENABLE_OBJC_ARC = YES;
				CLANG_WARN_BOOL_CONVERSION = YES;
				CLANG_WARN_CONSTANT_CONVERSION = YES;
				CLANG_WARN_DIRECT_OBJC_ISA_USAGE = YES_ERROR;
				CLANG_WARN_DOCUMENTATION_COMMENTS = YES;
				CLANG_WARN_EMPTY_BODY = YES;
				CLANG_WARN_ENUM_CONVERSION = YES;
				CLANG_WARN_INFINITE_RECURSION = YES;
				CLANG_WARN_INT_CONVERSION = YES;
				CLANG_WARN_OBJC_ROOT_CLASS = YES_ERROR;
				CLANG_WARN_SUSPICIOUS_MOVE = YES;
				CLANG_WARN_UNREACHABLE_CODE = YES;
				CLANG_WARN__DUPLICATE_METHOD_MATCH = YES;
				"CODE_SIGN_IDENTITY[sdk=iphoneos*]" = "iPhone Developer";
				COPY_PHASE_STRIP = NO;
				DEBUG_INFORMATION_FORMAT = dwarf;
				ENABLE_STRICT_OBJC_MSGSEND = YES;
				ENABLE_TESTABILITY = YES;
				GCC_C_LANGUAGE_STANDARD = gnu99;
				GCC_DYNAMIC_NO_PIC = NO;
				GCC_NO_COMMON_BLOCKS = YES;
				GCC_OPTIMIZATION_LEVEL = 0;
				GCC_PREPROCESSOR_DEFINITIONS = (
					"DEBUG=1",
					"$(inherited)",
				);
				GCC_WARN_64_TO_32_BIT_CONVERSION = YES;
				GCC_WARN_ABOUT_RETURN_TYPE = YES_ERROR;
				GCC_WARN_UNDECLARED_SELECTOR = YES;
				GCC_WARN_UNINITIALIZED_AUTOS = YES_AGGRESSIVE;
				GCC_WARN_UNUSED_FUNCTION = YES;
				GCC_WARN_UNUSED_VARIABLE = YES;
				IPHONEOS_DEPLOYMENT_TARGET = 10.2;
				MTL_ENABLE_DEBUG_INFO = YES;
				ONLY_ACTIVE_ARCH = YES;
				SDKROOT = iphoneos;
				SWIFT_ACTIVE_COMPILATION_CONDITIONS = DEBUG;
				SWIFT_OPTIMIZATION_LEVEL = "-Onone";
				TARGETED_DEVICE_FAMILY = "1,2";
			};
			name = Debug;
		};
		AFD5454E1E1CD86C00978E8A /* Release */ = {
			isa = XCBuildConfiguration;
			buildSettings = {
				ALWAYS_SEARCH_USER_PATHS = NO;
				CLANG_ANALYZER_NONNULL = YES;
				CLANG_CXX_LANGUAGE_STANDARD = "gnu++0x";
				CLANG_CXX_LIBRARY = "libc++";
				CLANG_ENABLE_MODULES = YES;
				CLANG_ENABLE_OBJC_ARC = YES;
				CLANG_WARN_BOOL_CONVERSION = YES;
				CLANG_WARN_CONSTANT_CONVERSION = YES;
				CLANG_WARN_DIRECT_OBJC_ISA_USAGE = YES_ERROR;
				CLANG_WARN_DOCUMENTATION_COMMENTS = YES;
				CLANG_WARN_EMPTY_BODY = YES;
				CLANG_WARN_ENUM_CONVERSION = YES;
				CLANG_WARN_INFINITE_RECURSION = YES;
				CLANG_WARN_INT_CONVERSION = YES;
				CLANG_WARN_OBJC_ROOT_CLASS = YES_ERROR;
				CLANG_WARN_SUSPICIOUS_MOVE = YES;
				CLANG_WARN_UNREACHABLE_CODE = YES;
				CLANG_WARN__DUPLICATE_METHOD_MATCH = YES;
				"CODE_SIGN_IDENTITY[sdk=iphoneos*]" = "iPhone Developer";
				COPY_PHASE_STRIP = NO;
				DEBUG_INFORMATION_FORMAT = "dwarf-with-dsym";
				ENABLE_NS_ASSERTIONS = NO;
				ENABLE_STRICT_OBJC_MSGSEND = YES;
				GCC_C_LANGUAGE_STANDARD = gnu99;
				GCC_NO_COMMON_BLOCKS = YES;
				GCC_WARN_64_TO_32_BIT_CONVERSION = YES;
				GCC_WARN_ABOUT_RETURN_TYPE = YES_ERROR;
				GCC_WARN_UNDECLARED_SELECTOR = YES;
				GCC_WARN_UNINITIALIZED_AUTOS = YES_AGGRESSIVE;
				GCC_WARN_UNUSED_FUNCTION = YES;
				GCC_WARN_UNUSED_VARIABLE = YES;
				IPHONEOS_DEPLOYMENT_TARGET = 10.2;
				MTL_ENABLE_DEBUG_INFO = NO;
				SDKROOT = iphoneos;
				SWIFT_OPTIMIZATION_LEVEL = "-Owholemodule";
				TARGETED_DEVICE_FAMILY = "1,2";
				VALIDATE_PRODUCT = YES;
			};
			name = Release;
		};
		AFD545501E1CD86C00978E8A /* Debug */ = {
			isa = XCBuildConfiguration;
			buildSettings = {
				ASSETCATALOG_COMPILER_APPICON_NAME = AppIcon;
				DEVELOPMENT_TEAM = ZRU74Q6CGE;
				INFOPLIST_FILE = LocationTracking/Info.plist;
				LD_RUNPATH_SEARCH_PATHS = "$(inherited) @executable_path/Frameworks";
				PRODUCT_BUNDLE_IDENTIFIER = app.yyc.LocationTracking;
				PRODUCT_NAME = "$(TARGET_NAME)";
				SWIFT_VERSION = 3.0;
			};
			name = Debug;
		};
		AFD545511E1CD86C00978E8A /* Release */ = {
			isa = XCBuildConfiguration;
			buildSettings = {
				ASSETCATALOG_COMPILER_APPICON_NAME = AppIcon;
				DEVELOPMENT_TEAM = ZRU74Q6CGE;
				INFOPLIST_FILE = LocationTracking/Info.plist;
				LD_RUNPATH_SEARCH_PATHS = "$(inherited) @executable_path/Frameworks";
				PRODUCT_BUNDLE_IDENTIFIER = app.yyc.LocationTracking;
				PRODUCT_NAME = "$(TARGET_NAME)";
				SWIFT_VERSION = 3.0;
			};
			name = Release;
		};
/* End XCBuildConfiguration section */

/* Begin XCConfigurationList section */
		AFD545351E1CD86C00978E8A /* Build configuration list for PBXProject "LocationTracking" */ = {
			isa = XCConfigurationList;
			buildConfigurations = (
				AFD5454D1E1CD86C00978E8A /* Debug */,
				AFD5454E1E1CD86C00978E8A /* Release */,
			);
			defaultConfigurationIsVisible = 0;
			defaultConfigurationName = Release;
		};
		AFD5454F1E1CD86C00978E8A /* Build configuration list for PBXNativeTarget "LocationTracking" */ = {
			isa = XCConfigurationList;
			buildConfigurations = (
				AFD545501E1CD86C00978E8A /* Debug */,
				AFD545511E1CD86C00978E8A /* Release */,
			);
			defaultConfigurationIsVisible = 0;
		};
/* End XCConfigurationList section */

/* Begin XCVersionGroup section */
		AFD545441E1CD86C00978E8A /* LocationTracking.xcdatamodeld */ = {
			isa = XCVersionGroup;
			children = (
				AFD545451E1CD86C00978E8A /* LocationTracking.xcdatamodel */,
			);
			currentVersion = AFD545451E1CD86C00978E8A /* LocationTracking.xcdatamodel */;
			path = LocationTracking.xcdatamodeld;
			sourceTree = "<group>";
			versionGroupType = wrapper.xcdatamodel;
		};
/* End XCVersionGroup section */
	};
	rootObject = AFD545321E1CD86C00978E8A /* Project object */;
}
